
Microsoft Visual Studio Solution File, Format Version 12.00
# Visual Studio Version 17
VisualStudioVersion = 17.7.34221.43
MinimumVisualStudioVersion = 10.0.40219.1
Project("{FAE04EC0-301F-11D3-BF4B-00C04F79EFBC}") = "LatLongToKMZ", "LatLongToCsv\LatLongToKMZ.csproj", "{94AC4657-367C-4E67-AC78-5E441F74D309}"
EndProject
Project("{FAE04EC0-301F-11D3-BF4B-00C04F79EFBC}") = "LatLongToKMZTests", "LatLongToCsvTests\LatLongToKMZTests.csproj", "{94FFE3C6-9711-4FB6-9DF1-1949C5F8E4A6}"
EndProject
Project("{FAE04EC0-301F-11D3-BF4B-00C04F79EFBC}") = "PdfToXlsx", "PdfToXlsx\PdfToXlsx.csproj", "{975EFFCD-CE2E-4F72-8F73-1EC5467CD8CF}"
EndProject
Global
	GlobalSection(SolutionConfigurationPlatforms) = preSolution
		Debug|Any CPU = Debug|Any CPU
		Release|Any CPU = Release|Any CPU
	EndGlobalSection
	GlobalSection(ProjectConfigurationPlatforms) = postSolution
		{94AC4657-367C-4E67-AC78-5E441F74D309}.Debug|Any CPU.ActiveCfg = Debug|Any CPU
		{94AC4657-367C-4E67-AC78-5E441F74D309}.Debug|Any CPU.Build.0 = Debug|Any CPU
		{94AC4657-367C-4E67-AC78-5E441F74D309}.Release|Any CPU.ActiveCfg = Release|Any CPU
		{94AC4657-367C-4E67-AC78-5E441F74D309}.Release|Any CPU.Build.0 = Release|Any CPU
		{94FFE3C6-9711-4FB6-9DF1-1949C5F8E4A6}.Debug|Any CPU.ActiveCfg = Debug|Any CPU
		{94FFE3C6-9711-4FB6-9DF1-1949C5F8E4A6}.Debug|Any CPU.Build.0 = Debug|Any CPU
		{94FFE3C6-9711-4FB6-9DF1-1949C5F8E4A6}.Release|Any CPU.ActiveCfg = Release|Any CPU
		{94FFE3C6-9711-4FB6-9DF1-1949C5F8E4A6}.Release|Any CPU.Build.0 = Release|Any CPU
		{975EFFCD-CE2E-4F72-8F73-1EC5467CD8CF}.Debug|Any CPU.ActiveCfg = Debug|Any CPU
		{975EFFCD-CE2E-4F72-8F73-1EC5467CD8CF}.Debug|Any CPU.Build.0 = Debug|Any CPU
		{975EFFCD-CE2E-4F72-8F73-1EC5467CD8CF}.Release|Any CPU.ActiveCfg = Release|Any CPU
		{975EFFCD-CE2E-4F72-8F73-1EC5467CD8CF}.Release|Any CPU.Build.0 = Release|Any CPU
	EndGlobalSection
	GlobalSection(SolutionProperties) = preSolution
		HideSolutionNode = FALSE
	EndGlobalSection
	GlobalSection(ExtensibilityGlobals) = postSolution
		SolutionGuid = {82A35306-2CE3-4E0E-9C88-7673FA7B8500}
	EndGlobalSection
EndGlobal
